{
  "meteor": {},
  "dependencies": {
    "basePackages": {
      "iron-router": {
        "git": "git@github.com:EventedMind/iron-router.git",
        "branch": "master"
      },
      "jquery-ui": {},
      "font-awesome": {},
      "x-editable-bootstrap": {},
      "npm": {},
      "GAnalytics": {}
    },
    "packages": {
      "iron-router": {
        "git": "git@github.com:EventedMind/iron-router.git",
        "branch": "master",
        "commit": "8164c87025329f2668eeb2285d7ef403251589dc"
      },
      "jquery-ui": {
        "git": "https://github.com/TimHeckel/meteor-jquery-ui.git",
        "tag": "v1.9.2",
        "commit": "c437d45edcf1367df8d5ffa8bad2867758030bd2"
      },
      "font-awesome": {
        "git": "https://github.com/nate-strauser/meteor-font-awesome.git",
        "tag": "v4.1.0",
        "commit": "ce6b1e92715d1938babc5d69c655c17e387f5926"
      },
      "x-editable-bootstrap": {
        "git": "https://github.com/nate-strauser/meteor-x-editable-bootstrap.git",
        "tag": "v1.5.1",
        "commit": "ddb9e4523b570f88d96c4fbafa5f6883e544baf8"
      },
      "npm": {
        "git": "https://github.com/arunoda/meteor-npm.git",
        "tag": "v0.2.6",
        "commit": "177ab6118de5bf8cffb19481343d5762ff7a2aaf"
      },
      "GAnalytics": {
        "git": "https://github.com/datariot/meteor-ganalytics.git",
        "tag": "v0.2.0",
        "commit": "2d5e48d5cc4c2f88edd40c0b2341d378bd4a702b"
      },
      "blaze-layout": {
        "git": "https://github.com/EventedMind/blaze-layout.git",
        "tag": "v0.2.5",
        "commit": "273e3ab7d005d91a1a59c71bd224533b4dae2fbd"
      },
      "bootstrap-3": {
        "git": "https://github.com/mangasocial/meteor-bootstrap-3.git",
        "tag": "v3.1.1-1",
        "commit": "63dd38968828bb8963636df93e9a1c45e2dfe67e"
      }
    }
  }
}
